
Microsoft Visual Studio Solution File, Format Version 12.00
# Visual Studio Version 17
VisualStudioVersion = 17.5.33414.496
MinimumVisualStudioVersion = 10.0.40219.1
Project("{FAE04EC0-301F-11D3-BF4B-00C04F79EFBC}") = "BMIandMore", "BMIandMore\BMIandMore.csproj", "{74D9F3DF-FADA-4DD0-BA57-8A75B060DCED}"
EndProject
Global
	GlobalSection(SolutionConfigurationPlatforms) = preSolution
		Debug|Any CPU = Debug|Any CPU
		Release|Any CPU = Release|Any CPU
	EndGlobalSection
	GlobalSection(ProjectConfigurationPlatforms) = postSolution
		{74D9F3DF-FADA-4DD0-BA57-8A75B060DCED}.Debug|Any CPU.ActiveCfg = Debug|Any CPU
		{74D9F3DF-FADA-4DD0-BA57-8A75B060DCED}.Debug|Any CPU.Build.0 = Debug|Any CPU
		{74D9F3DF-FADA-4DD0-BA57-8A75B060DCED}.Release|Any CPU.ActiveCfg = Release|Any CPU
		{74D9F3DF-FADA-4DD0-BA57-8A75B060DCED}.Release|Any CPU.Build.0 = Release|Any CPU
	EndGlobalSection
	GlobalSection(SolutionProperties) = preSolution
		HideSolutionNode = FALSE
	EndGlobalSection
	GlobalSection(ExtensibilityGlobals) = postSolution
		SolutionGuid = {C1FA4CA6-29A8-4436-B4E6-B09F2EA158B1}
	EndGlobalSection
EndGlobal
