
Microsoft Visual Studio Solution File, Format Version 12.00
# Visual Studio Version 17
VisualStudioVersion = 17.5.33414.496
MinimumVisualStudioVersion = 10.0.40219.1
Project("{FAE04EC0-301F-11D3-BF4B-00C04F79EFBC}") = "mis1042week11lecture2", "mis1042week11lecture2\mis1042week11lecture2.csproj", "{D1DC23BD-1F41-4E5E-8DF0-B39C29DE998E}"
EndProject
Global
	GlobalSection(SolutionConfigurationPlatforms) = preSolution
		Debug|Any CPU = Debug|Any CPU
		Release|Any CPU = Release|Any CPU
	EndGlobalSection
	GlobalSection(ProjectConfigurationPlatforms) = postSolution
		{D1DC23BD-1F41-4E5E-8DF0-B39C29DE998E}.Debug|Any CPU.ActiveCfg = Debug|Any CPU
		{D1DC23BD-1F41-4E5E-8DF0-B39C29DE998E}.Debug|Any CPU.Build.0 = Debug|Any CPU
		{D1DC23BD-1F41-4E5E-8DF0-B39C29DE998E}.Release|Any CPU.ActiveCfg = Release|Any CPU
		{D1DC23BD-1F41-4E5E-8DF0-B39C29DE998E}.Release|Any CPU.Build.0 = Release|Any CPU
	EndGlobalSection
	GlobalSection(SolutionProperties) = preSolution
		HideSolutionNode = FALSE
	EndGlobalSection
	GlobalSection(ExtensibilityGlobals) = postSolution
		SolutionGuid = {47B8FB06-009E-4DBD-87CB-E244FF6C1E36}
	EndGlobalSection
EndGlobal
