
Microsoft Visual Studio Solution File, Format Version 12.00
# Visual Studio Version 17
VisualStudioVersion = 17.5.33414.496
MinimumVisualStudioVersion = 10.0.40219.1
Project("{FAE04EC0-301F-11D3-BF4B-00C04F79EFBC}") = "exercises", "exercises\exercises.csproj", "{DAC7C7D5-D98A-49E6-815D-0462DB182E7A}"
EndProject
Global
	GlobalSection(SolutionConfigurationPlatforms) = preSolution
		Debug|Any CPU = Debug|Any CPU
		Release|Any CPU = Release|Any CPU
	EndGlobalSection
	GlobalSection(ProjectConfigurationPlatforms) = postSolution
		{DAC7C7D5-D98A-49E6-815D-0462DB182E7A}.Debug|Any CPU.ActiveCfg = Debug|Any CPU
		{DAC7C7D5-D98A-49E6-815D-0462DB182E7A}.Debug|Any CPU.Build.0 = Debug|Any CPU
		{DAC7C7D5-D98A-49E6-815D-0462DB182E7A}.Release|Any CPU.ActiveCfg = Release|Any CPU
		{DAC7C7D5-D98A-49E6-815D-0462DB182E7A}.Release|Any CPU.Build.0 = Release|Any CPU
	EndGlobalSection
	GlobalSection(SolutionProperties) = preSolution
		HideSolutionNode = FALSE
	EndGlobalSection
	GlobalSection(ExtensibilityGlobals) = postSolution
		SolutionGuid = {8B905C98-34E4-4148-9BC5-893EE6B389F9}
	EndGlobalSection
EndGlobal
