
Microsoft Visual Studio Solution File, Format Version 12.00
# Visual Studio Version 17
VisualStudioVersion = 17.5.33414.496
MinimumVisualStudioVersion = 10.0.40219.1
Project("{FAE04EC0-301F-11D3-BF4B-00C04F79EFBC}") = "mis1042week12lecture1", "mis1042week12lecture1\mis1042week12lecture1.csproj", "{994BB9C1-CE78-410A-B30B-F2B77C2D4093}"
EndProject
Global
	GlobalSection(SolutionConfigurationPlatforms) = preSolution
		Debug|Any CPU = Debug|Any CPU
		Release|Any CPU = Release|Any CPU
	EndGlobalSection
	GlobalSection(ProjectConfigurationPlatforms) = postSolution
		{994BB9C1-CE78-410A-B30B-F2B77C2D4093}.Debug|Any CPU.ActiveCfg = Debug|Any CPU
		{994BB9C1-CE78-410A-B30B-F2B77C2D4093}.Debug|Any CPU.Build.0 = Debug|Any CPU
		{994BB9C1-CE78-410A-B30B-F2B77C2D4093}.Release|Any CPU.ActiveCfg = Release|Any CPU
		{994BB9C1-CE78-410A-B30B-F2B77C2D4093}.Release|Any CPU.Build.0 = Release|Any CPU
	EndGlobalSection
	GlobalSection(SolutionProperties) = preSolution
		HideSolutionNode = FALSE
	EndGlobalSection
	GlobalSection(ExtensibilityGlobals) = postSolution
		SolutionGuid = {F95B9B00-063E-48BA-AB27-48D21C8EEDB5}
	EndGlobalSection
EndGlobal
