
Microsoft Visual Studio Solution File, Format Version 12.00
# Visual Studio Version 17
VisualStudioVersion = 17.5.33414.496
MinimumVisualStudioVersion = 10.0.40219.1
Project("{FAE04EC0-301F-11D3-BF4B-00C04F79EFBC}") = "mis1042week11lecture1", "mis1042week11lecture1\mis1042week11lecture1.csproj", "{CA5E814E-49B8-436E-A53A-B7EC159FF8D3}"
EndProject
Global
	GlobalSection(SolutionConfigurationPlatforms) = preSolution
		Debug|Any CPU = Debug|Any CPU
		Release|Any CPU = Release|Any CPU
	EndGlobalSection
	GlobalSection(ProjectConfigurationPlatforms) = postSolution
		{CA5E814E-49B8-436E-A53A-B7EC159FF8D3}.Debug|Any CPU.ActiveCfg = Debug|Any CPU
		{CA5E814E-49B8-436E-A53A-B7EC159FF8D3}.Debug|Any CPU.Build.0 = Debug|Any CPU
		{CA5E814E-49B8-436E-A53A-B7EC159FF8D3}.Release|Any CPU.ActiveCfg = Release|Any CPU
		{CA5E814E-49B8-436E-A53A-B7EC159FF8D3}.Release|Any CPU.Build.0 = Release|Any CPU
	EndGlobalSection
	GlobalSection(SolutionProperties) = preSolution
		HideSolutionNode = FALSE
	EndGlobalSection
	GlobalSection(ExtensibilityGlobals) = postSolution
		SolutionGuid = {0E98997A-5572-4054-872C-1F7FBC23C48F}
	EndGlobalSection
EndGlobal
